// !$*UTF8*$!
{
	archiveVersion = 1;
	classes = {
	};
	objectVersion = 50;
	objects = {

/* Begin PBXBuildFile section */
		DD72CDC026BEB9BC00E8993F /* AppDelegate.swift in Sources */ = {isa = PBXBuildFile; fileRef = DD72CDBF26BEB9BC00E8993F /* AppDelegate.swift */; };
		DD72CDC226BEB9BC00E8993F /* SceneDelegate.swift in Sources */ = {isa = PBXBuildFile; fileRef = DD72CDC126BEB9BC00E8993F /* SceneDelegate.swift */; };
		DD72CDC426BEB9BC00E8993F /* ViewController.swift in Sources */ = {isa = PBXBuildFile; fileRef = DD72CDC326BEB9BC00E8993F /* ViewController.swift */; };
		DD72CDC726BEB9BC00E8993F /* Main.storyboard in Resources */ = {isa = PBXBuildFile; fileRef = DD72CDC526BEB9BC00E8993F /* Main.storyboard */; };
		DD72CDC926BEB9BE00E8993F /* Assets.xcassets in Resources */ = {isa = PBXBuildFile; fileRef = DD72CDC826BEB9BE00E8993F /* Assets.xcassets */; };
		DD72CDCC26BEB9BE00E8993F /* LaunchScreen.storyboard in Resources */ = {isa = PBXBuildFile; fileRef = DD72CDCA26BEB9BE00E8993F /* LaunchScreen.storyboard */; };
		DD72CDD526BEBA7C00E8993F /* CombineVC.swift in Sources */ = {isa = PBXBuildFile; fileRef = DD72CDD426BEBA7C00E8993F /* CombineVC.swift */; };
		DD72CDD826BEC87D00E8993F /* CombineCardView.swift in Sources */ = {isa = PBXBuildFile; fileRef = DD72CDD726BEC87D00E8993F /* CombineCardView.swift */; };
		DD72CDDB26BEE7A800E8993F /* UIView.swift in Sources */ = {isa = PBXBuildFile; fileRef = DD72CDDA26BEE7A800E8993F /* UIView.swift */; };
		DD72CDDD26BEEF1F00E8993F /* UILabel.swift in Sources */ = {isa = PBXBuildFile; fileRef = DD72CDDC26BEEF1F00E8993F /* UILabel.swift */; };
		DD72CDE026BEF89700E8993F /* Usuario.swift in Sources */ = {isa = PBXBuildFile; fileRef = DD72CDDF26BEF89700E8993F /* Usuario.swift */; };
		DD72CDE326BEFB7300E8993F /* UsuarioService.swift in Sources */ = {isa = PBXBuildFile; fileRef = DD72CDE226BEFB7300E8993F /* UsuarioService.swift */; };
		DD72CDE526BEFD5400E8993F /* ProdutoService.swift in Sources */ = {isa = PBXBuildFile; fileRef = DD72CDE426BEFD5400E8993F /* ProdutoService.swift */; };
		DD72CDE726BEFDBC00E8993F /* Produto.swift in Sources */ = {isa = PBXBuildFile; fileRef = DD72CDE626BEFDBC00E8993F /* Produto.swift */; };
/* End PBXBuildFile section */

/* Begin PBXFileReference section */
		DD72CDBC26BEB9BC00E8993F /* Catalogo de produtos.app */ = {isa = PBXFileReference; explicitFileType = wrapper.application; includeInIndex = 0; path = "Catalogo de produtos.app"; sourceTree = BUILT_PRODUCTS_DIR; };
		DD72CDBF26BEB9BC00E8993F /* AppDelegate.swift */ = {isa = PBXFileReference; lastKnownFileType = sourcecode.swift; path = AppDelegate.swift; sourceTree = "<group>"; };
		DD72CDC126BEB9BC00E8993F /* SceneDelegate.swift */ = {isa = PBXFileReference; lastKnownFileType = sourcecode.swift; path = SceneDelegate.swift; sourceTree = "<group>"; };
		DD72CDC326BEB9BC00E8993F /* ViewController.swift */ = {isa = PBXFileReference; lastKnownFileType = sourcecode.swift; path = ViewController.swift; sourceTree = "<group>"; };
		DD72CDC626BEB9BC00E8993F /* Base */ = {isa = PBXFileReference; lastKnownFileType = file.storyboard; name = Base; path = Base.lproj/Main.storyboard; sourceTree = "<group>"; };
		DD72CDC826BEB9BE00E8993F /* Assets.xcassets */ = {isa = PBXFileReference; lastKnownFileType = folder.assetcatalog; path = Assets.xcassets; sourceTree = "<group>"; };
		DD72CDCB26BEB9BE00E8993F /* Base */ = {isa = PBXFileReference; lastKnownFileType = file.storyboard; name = Base; path = Base.lproj/LaunchScreen.storyboard; sourceTree = "<group>"; };
		DD72CDCD26BEB9BE00E8993F /* Info.plist */ = {isa = PBXFileReference; lastKnownFileType = text.plist.xml; path = Info.plist; sourceTree = "<group>"; };
		DD72CDD426BEBA7C00E8993F /* CombineVC.swift */ = {isa = PBXFileReference; lastKnownFileType = sourcecode.swift; path = CombineVC.swift; sourceTree = "<group>"; };
		DD72CDD726BEC87D00E8993F /* CombineCardView.swift */ = {isa = PBXFileReference; lastKnownFileType = sourcecode.swift; path = CombineCardView.swift; sourceTree = "<group>"; };
		DD72CDDA26BEE7A800E8993F /* UIView.swift */ = {isa = PBXFileReference; fileEncoding = 4; lastKnownFileType = sourcecode.swift; path = UIView.swift; sourceTree = "<group>"; };
		DD72CDDC26BEEF1F00E8993F /* UILabel.swift */ = {isa = PBXFileReference; lastKnownFileType = sourcecode.swift; path = UILabel.swift; sourceTree = "<group>"; };
		DD72CDDF26BEF89700E8993F /* Usuario.swift */ = {isa = PBXFileReference; lastKnownFileType = sourcecode.swift; path = Usuario.swift; sourceTree = "<group>"; };
		DD72CDE226BEFB7300E8993F /* UsuarioService.swift */ = {isa = PBXFileReference; lastKnownFileType = sourcecode.swift; path = UsuarioService.swift; sourceTree = "<group>"; };
		DD72CDE426BEFD5400E8993F /* ProdutoService.swift */ = {isa = PBXFileReference; lastKnownFileType = sourcecode.swift; path = ProdutoService.swift; sourceTree = "<group>"; };
		DD72CDE626BEFDBC00E8993F /* Produto.swift */ = {isa = PBXFileReference; lastKnownFileType = sourcecode.swift; path = Produto.swift; sourceTree = "<group>"; };
/* End PBXFileReference section */

/* Begin PBXFrameworksBuildPhase section */
		DD72CDB926BEB9BC00E8993F /* Frameworks */ = {
			isa = PBXFrameworksBuildPhase;
			buildActionMask = 2147483647;
			files = (
			);
			runOnlyForDeploymentPostprocessing = 0;
		};
/* End PBXFrameworksBuildPhase section */

/* Begin PBXGroup section */
		DD72CDB326BEB9BC00E8993F = {
			isa = PBXGroup;
			children = (
				DD72CDBE26BEB9BC00E8993F /* Catalogo de produtos */,
				DD72CDBD26BEB9BC00E8993F /* Products */,
			);
			sourceTree = "<group>";
		};
		DD72CDBD26BEB9BC00E8993F /* Products */ = {
			isa = PBXGroup;
			children = (
				DD72CDBC26BEB9BC00E8993F /* Catalogo de produtos.app */,
			);
			name = Products;
			sourceTree = "<group>";
		};
		DD72CDBE26BEB9BC00E8993F /* Catalogo de produtos */ = {
			isa = PBXGroup;
			children = (
				DD72CDE126BEFB5C00E8993F /* Service */,
				DD72CDDE26BEF76300E8993F /* Model */,
				DD72CDD926BEE72A00E8993F /* Lib */,
				DD72CDD626BEC85900E8993F /* View */,
				DD72CDD326BEBA5300E8993F /* Controller */,
				DD72CDBF26BEB9BC00E8993F /* AppDelegate.swift */,
				DD72CDC126BEB9BC00E8993F /* SceneDelegate.swift */,
				DD72CDC326BEB9BC00E8993F /* ViewController.swift */,
				DD72CDC526BEB9BC00E8993F /* Main.storyboard */,
				DD72CDC826BEB9BE00E8993F /* Assets.xcassets */,
				DD72CDCA26BEB9BE00E8993F /* LaunchScreen.storyboard */,
				DD72CDCD26BEB9BE00E8993F /* Info.plist */,
			);
			path = "Catalogo de produtos";
			sourceTree = "<group>";
		};
		DD72CDD326BEBA5300E8993F /* Controller */ = {
			isa = PBXGroup;
			children = (
				DD72CDD426BEBA7C00E8993F /* CombineVC.swift */,
			);
			path = Controller;
			sourceTree = "<group>";
		};
		DD72CDD626BEC85900E8993F /* View */ = {
			isa = PBXGroup;
			children = (
				DD72CDD726BEC87D00E8993F /* CombineCardView.swift */,
			);
			path = View;
			sourceTree = "<group>";
		};
		DD72CDD926BEE72A00E8993F /* Lib */ = {
			isa = PBXGroup;
			children = (
				DD72CDDA26BEE7A800E8993F /* UIView.swift */,
				DD72CDDC26BEEF1F00E8993F /* UILabel.swift */,
			);
			path = Lib;
			sourceTree = "<group>";
		};
		DD72CDDE26BEF76300E8993F /* Model */ = {
			isa = PBXGroup;
			children = (
				DD72CDDF26BEF89700E8993F /* Usuario.swift */,
				DD72CDE626BEFDBC00E8993F /* Produto.swift */,
			);
			path = Model;
			sourceTree = "<group>";
		};
		DD72CDE126BEFB5C00E8993F /* Service */ = {
			isa = PBXGroup;
			children = (
				DD72CDE226BEFB7300E8993F /* UsuarioService.swift */,
				DD72CDE426BEFD5400E8993F /* ProdutoService.swift */,
			);
			path = Service;
			sourceTree = "<group>";
		};
/* End PBXGroup section */

/* Begin PBXNativeTarget section */
		DD72CDBB26BEB9BC00E8993F /* Catalogo de produtos */ = {
			isa = PBXNativeTarget;
			buildConfigurationList = DD72CDD026BEB9BE00E8993F /* Build configuration list for PBXNativeTarget "Catalogo de produtos" */;
			buildPhases = (
				DD72CDB826BEB9BC00E8993F /* Sources */,
				DD72CDB926BEB9BC00E8993F /* Frameworks */,
				DD72CDBA26BEB9BC00E8993F /* Resources */,
			);
			buildRules = (
			);
			dependencies = (
			);
			name = "Catalogo de produtos";
			productName = "Catalogo de produtos";
			productReference = DD72CDBC26BEB9BC00E8993F /* Catalogo de produtos.app */;
			productType = "com.apple.product-type.application";
		};
/* End PBXNativeTarget section */

/* Begin PBXProject section */
		DD72CDB426BEB9BC00E8993F /* Project object */ = {
			isa = PBXProject;
			attributes = {
				LastSwiftUpdateCheck = 1250;
				LastUpgradeCheck = 1250;
				TargetAttributes = {
					DD72CDBB26BEB9BC00E8993F = {
						CreatedOnToolsVersion = 12.5.1;
					};
				};
			};
			buildConfigurationList = DD72CDB726BEB9BC00E8993F /* Build configuration list for PBXProject "Catalogo de produtos" */;
			compatibilityVersion = "Xcode 9.3";
			developmentRegion = en;
			hasScannedForEncodings = 0;
			knownRegions = (
				en,
				Base,
			);
			mainGroup = DD72CDB326BEB9BC00E8993F;
			productRefGroup = DD72CDBD26BEB9BC00E8993F /* Products */;
			projectDirPath = "";
			projectRoot = "";
			targets = (
				DD72CDBB26BEB9BC00E8993F /* Catalogo de produtos */,
			);
		};
/* End PBXProject section */

/* Begin PBXResourcesBuildPhase section */
		DD72CDBA26BEB9BC00E8993F /* Resources */ = {
			isa = PBXResourcesBuildPhase;
			buildActionMask = 2147483647;
			files = (
				DD72CDCC26BEB9BE00E8993F /* LaunchScreen.storyboard in Resources */,
				DD72CDC926BEB9BE00E8993F /* Assets.xcassets in Resources */,
				DD72CDC726BEB9BC00E8993F /* Main.storyboard in Resources */,
			);
			runOnlyForDeploymentPostprocessing = 0;
		};
/* End PBXResourcesBuildPhase section */

/* Begin PBXSourcesBuildPhase section */
		DD72CDB826BEB9BC00E8993F /* Sources */ = {
			isa = PBXSourcesBuildPhase;
			buildActionMask = 2147483647;
			files = (
				DD72CDE326BEFB7300E8993F /* UsuarioService.swift in Sources */,
				DD72CDE026BEF89700E8993F /* Usuario.swift in Sources */,
				DD72CDD526BEBA7C00E8993F /* CombineVC.swift in Sources */,
				DD72CDE526BEFD5400E8993F /* ProdutoService.swift in Sources */,
				DD72CDC426BEB9BC00E8993F /* ViewController.swift in Sources */,
				DD72CDDD26BEEF1F00E8993F /* UILabel.swift in Sources */,
				DD72CDD826BEC87D00E8993F /* CombineCardView.swift in Sources */,
				DD72CDE726BEFDBC00E8993F /* Produto.swift in Sources */,
				DD72CDC026BEB9BC00E8993F /* AppDelegate.swift in Sources */,
				DD72CDDB26BEE7A800E8993F /* UIView.swift in Sources */,
				DD72CDC226BEB9BC00E8993F /* SceneDelegate.swift in Sources */,
			);
			runOnlyForDeploymentPostprocessing = 0;
		};
/* End PBXSourcesBuildPhase section */

/* Begin PBXVariantGroup section */
		DD72CDC526BEB9BC00E8993F /* Main.storyboard */ = {
			isa = PBXVariantGroup;
			children = (
				DD72CDC626BEB9BC00E8993F /* Base */,
			);
			name = Main.storyboard;
			sourceTree = "<group>";
		};
		DD72CDCA26BEB9BE00E8993F /* LaunchScreen.storyboard */ = {
			isa = PBXVariantGroup;
			children = (
				DD72CDCB26BEB9BE00E8993F /* Base */,
			);
			name = LaunchScreen.storyboard;
			sourceTree = "<group>";
		};
/* End PBXVariantGroup section */

/* Begin XCBuildConfiguration section */
		DD72CDCE26BEB9BE00E8993F /* Debug */ = {
			isa = XCBuildConfiguration;
			buildSettings = {
				ALWAYS_SEARCH_USER_PATHS = NO;
				CLANG_ANALYZER_NONNULL = YES;
				CLANG_ANALYZER_NUMBER_OBJECT_CONVERSION = YES_AGGRESSIVE;
				CLANG_CXX_LANGUAGE_STANDARD = "gnu++14";
				CLANG_CXX_LIBRARY = "libc++";
				CLANG_ENABLE_MODULES = YES;
				CLANG_ENABLE_OBJC_ARC = YES;
				CLANG_ENABLE_OBJC_WEAK = YES;
				CLANG_WARN_BLOCK_CAPTURE_AUTORELEASING = YES;
				CLANG_WARN_BOOL_CONVERSION = YES;
				CLANG_WARN_COMMA = YES;
				CLANG_WARN_CONSTANT_CONVERSION = YES;
				CLANG_WARN_DEPRECATED_OBJC_IMPLEMENTATIONS = YES;
				CLANG_WARN_DIRECT_OBJC_ISA_USAGE = YES_ERROR;
				CLANG_WARN_DOCUMENTATION_COMMENTS = YES;
				CLANG_WARN_EMPTY_BODY = YES;
				CLANG_WARN_ENUM_CONVERSION = YES;
				CLANG_WARN_INFINITE_RECURSION = YES;
				CLANG_WARN_INT_CONVERSION = YES;
				CLANG_WARN_NON_LITERAL_NULL_CONVERSION = YES;
				CLANG_WARN_OBJC_IMPLICIT_RETAIN_SELF = YES;
				CLANG_WARN_OBJC_LITERAL_CONVERSION = YES;
				CLANG_WARN_OBJC_ROOT_CLASS = YES_ERROR;
				CLANG_WARN_QUOTED_INCLUDE_IN_FRAMEWORK_HEADER = YES;
				CLANG_WARN_RANGE_LOOP_ANALYSIS = YES;
				CLANG_WARN_STRICT_PROTOTYPES = YES;
				CLANG_WARN_SUSPICIOUS_MOVE = YES;
				CLANG_WARN_UNGUARDED_AVAILABILITY = YES_AGGRESSIVE;
				CLANG_WARN_UNREACHABLE_CODE = YES;
				CLANG_WARN__DUPLICATE_METHOD_MATCH = YES;
				COPY_PHASE_STRIP = NO;
				DEBUG_INFORMATION_FORMAT = dwarf;
				ENABLE_STRICT_OBJC_MSGSEND = YES;
				ENABLE_TESTABILITY = YES;
				GCC_C_LANGUAGE_STANDARD = gnu11;
				GCC_DYNAMIC_NO_PIC = NO;
				GCC_NO_COMMON_BLOCKS = YES;
				GCC_OPTIMIZATION_LEVEL = 0;
				GCC_PREPROCESSOR_DEFINITIONS = (
					"DEBUG=1",
					"$(inherited)",
				);
				GCC_WARN_64_TO_32_BIT_CONVERSION = YES;
				GCC_WARN_ABOUT_RETURN_TYPE = YES_ERROR;
				GCC_WARN_UNDECLARED_SELECTOR = YES;
				GCC_WARN_UNINITIALIZED_AUTOS = YES_AGGRESSIVE;
				GCC_WARN_UNUSED_FUNCTION = YES;
				GCC_WARN_UNUSED_VARIABLE = YES;
				IPHONEOS_DEPLOYMENT_TARGET = 14.5;
				MTL_ENABLE_DEBUG_INFO = INCLUDE_SOURCE;
				MTL_FAST_MATH = YES;
				ONLY_ACTIVE_ARCH = YES;
				SDKROOT = iphoneos;
				SWIFT_ACTIVE_COMPILATION_CONDITIONS = DEBUG;
				SWIFT_OPTIMIZATION_LEVEL = "-Onone";
			};
			name = Debug;
		};
		DD72CDCF26BEB9BE00E8993F /* Release */ = {
			isa = XCBuildConfiguration;
			buildSettings = {
				ALWAYS_SEARCH_USER_PATHS = NO;
				CLANG_ANALYZER_NONNULL = YES;
				CLANG_ANALYZER_NUMBER_OBJECT_CONVERSION = YES_AGGRESSIVE;
				CLANG_CXX_LANGUAGE_STANDARD = "gnu++14";
				CLANG_CXX_LIBRARY = "libc++";
				CLANG_ENABLE_MODULES = YES;
				CLANG_ENABLE_OBJC_ARC = YES;
				CLANG_ENABLE_OBJC_WEAK = YES;
				CLANG_WARN_BLOCK_CAPTURE_AUTORELEASING = YES;
				CLANG_WARN_BOOL_CONVERSION = YES;
				CLANG_WARN_COMMA = YES;
				CLANG_WARN_CONSTANT_CONVERSION = YES;
				CLANG_WARN_DEPRECATED_OBJC_IMPLEMENTATIONS = YES;
				CLANG_WARN_DIRECT_OBJC_ISA_USAGE = YES_ERROR;
				CLANG_WARN_DOCUMENTATION_COMMENTS = YES;
				CLANG_WARN_EMPTY_BODY = YES;
				CLANG_WARN_ENUM_CONVERSION = YES;
				CLANG_WARN_INFINITE_RECURSION = YES;
				CLANG_WARN_INT_CONVERSION = YES;
				CLANG_WARN_NON_LITERAL_NULL_CONVERSION = YES;
				CLANG_WARN_OBJC_IMPLICIT_RETAIN_SELF = YES;
				CLANG_WARN_OBJC_LITERAL_CONVERSION = YES;
				CLANG_WARN_OBJC_ROOT_CLASS = YES_ERROR;
				CLANG_WARN_QUOTED_INCLUDE_IN_FRAMEWORK_HEADER = YES;
				CLANG_WARN_RANGE_LOOP_ANALYSIS = YES;
				CLANG_WARN_STRICT_PROTOTYPES = YES;
				CLANG_WARN_SUSPICIOUS_MOVE = YES;
				CLANG_WARN_UNGUARDED_AVAILABILITY = YES_AGGRESSIVE;
				CLANG_WARN_UNREACHABLE_CODE = YES;
				CLANG_WARN__DUPLICATE_METHOD_MATCH = YES;
				COPY_PHASE_STRIP = NO;
				DEBUG_INFORMATION_FORMAT = "dwarf-with-dsym";
				ENABLE_NS_ASSERTIONS = NO;
				ENABLE_STRICT_OBJC_MSGSEND = YES;
				GCC_C_LANGUAGE_STANDARD = gnu11;
				GCC_NO_COMMON_BLOCKS = YES;
				GCC_WARN_64_TO_32_BIT_CONVERSION = YES;
				GCC_WARN_ABOUT_RETURN_TYPE = YES_ERROR;
				GCC_WARN_UNDECLARED_SELECTOR = YES;
				GCC_WARN_UNINITIALIZED_AUTOS = YES_AGGRESSIVE;
				GCC_WARN_UNUSED_FUNCTION = YES;
				GCC_WARN_UNUSED_VARIABLE = YES;
				IPHONEOS_DEPLOYMENT_TARGET = 14.5;
				MTL_ENABLE_DEBUG_INFO = NO;
				MTL_FAST_MATH = YES;
				SDKROOT = iphoneos;
				SWIFT_COMPILATION_MODE = wholemodule;
				SWIFT_OPTIMIZATION_LEVEL = "-O";
				VALIDATE_PRODUCT = YES;
			};
			name = Release;
		};
		DD72CDD126BEB9BE00E8993F /* Debug */ = {
			isa = XCBuildConfiguration;
			buildSettings = {
				ASSETCATALOG_COMPILER_APPICON_NAME = AppIcon;
				ASSETCATALOG_COMPILER_GLOBAL_ACCENT_COLOR_NAME = AccentColor;
				CODE_SIGN_STYLE = Automatic;
				DEVELOPMENT_TEAM = 2D837DJ3YC;
				INFOPLIST_FILE = "Catalogo de produtos/Info.plist";
				LD_RUNPATH_SEARCH_PATHS = (
					"$(inherited)",
					"@executable_path/Frameworks",
				);
				PRODUCT_BUNDLE_IDENTIFIER = "cicero-nascimento.Catalogo-de-produtos";
				PRODUCT_NAME = "$(TARGET_NAME)";
				SWIFT_VERSION = 5.0;
				TARGETED_DEVICE_FAMILY = "1,2";
			};
			name = Debug;
		};
		DD72CDD226BEB9BE00E8993F /* Release */ = {
			isa = XCBuildConfiguration;
			buildSettings = {
				ASSETCATALOG_COMPILER_APPICON_NAME = AppIcon;
				ASSETCATALOG_COMPILER_GLOBAL_ACCENT_COLOR_NAME = AccentColor;
				CODE_SIGN_STYLE = Automatic;
				DEVELOPMENT_TEAM = 2D837DJ3YC;
				INFOPLIST_FILE = "Catalogo de produtos/Info.plist";
				LD_RUNPATH_SEARCH_PATHS = (
					"$(inherited)",
					"@executable_path/Frameworks",
				);
				PRODUCT_BUNDLE_IDENTIFIER = "cicero-nascimento.Catalogo-de-produtos";
				PRODUCT_NAME = "$(TARGET_NAME)";
				SWIFT_VERSION = 5.0;
				TARGETED_DEVICE_FAMILY = "1,2";
			};
			name = Release;
		};
/* End XCBuildConfiguration section */

/* Begin XCConfigurationList section */
		DD72CDB726BEB9BC00E8993F /* Build configuration list for PBXProject "Catalogo de produtos" */ = {
			isa = XCConfigurationList;
			buildConfigurations = (
				DD72CDCE26BEB9BE00E8993F /* Debug */,
				DD72CDCF26BEB9BE00E8993F /* Release */,
			);
			defaultConfigurationIsVisible = 0;
			defaultConfigurationName = Release;
		};
		DD72CDD026BEB9BE00E8993F /* Build configuration list for PBXNativeTarget "Catalogo de produtos" */ = {
			isa = XCConfigurationList;
			buildConfigurations = (
				DD72CDD126BEB9BE00E8993F /* Debug */,
				DD72CDD226BEB9BE00E8993F /* Release */,
			);
			defaultConfigurationIsVisible = 0;
			defaultConfigurationName = Release;
		};
/* End XCConfigurationList section */
	};
	rootObject = DD72CDB426BEB9BC00E8993F /* Project object */;
}
